
Microsoft Visual Studio Solution File, Format Version 12.00
# Visual Studio Express 2013 for Windows Desktop
VisualStudioVersion = 12.0.20623.1 VSUPREVIEW
MinimumVisualStudioVersion = 10.0.40219.1
Project("{8BC9CEB8-8B4A-11D0-8D11-00A0C91BC942}") = "RBTree", "RBTree.vcxproj", "{FBDA2B5D-B737-4F8C-8F20-EA5007F3B52F}"
EndProject
Global
	GlobalSection(SolutionConfigurationPlatforms) = preSolution
		Debug|Win32 = Debug|Win32
		Release|Win32 = Release|Win32
		Template|Win32 = Template|Win32
	EndGlobalSection
	GlobalSection(ProjectConfigurationPlatforms) = postSolution
		{FBDA2B5D-B737-4F8C-8F20-EA5007F3B52F}.Debug|Win32.ActiveCfg = Debug|Win32
		{FBDA2B5D-B737-4F8C-8F20-EA5007F3B52F}.Debug|Win32.Build.0 = Debug|Win32
		{FBDA2B5D-B737-4F8C-8F20-EA5007F3B52F}.Release|Win32.ActiveCfg = Release|Win32
		{FBDA2B5D-B737-4F8C-8F20-EA5007F3B52F}.Release|Win32.Build.0 = Release|Win32
		{FBDA2B5D-B737-4F8C-8F20-EA5007F3B52F}.Template|Win32.ActiveCfg = Release|Win32
		{FBDA2B5D-B737-4F8C-8F20-EA5007F3B52F}.Template|Win32.Build.0 = Release|Win32
	EndGlobalSection
	GlobalSection(SolutionProperties) = preSolution
		HideSolutionNode = FALSE
	EndGlobalSection
EndGlobal
